
Microsoft Visual Studio Solution File, Format Version 12.00
# Visual Studio Version 16
VisualStudioVersion = 16.0.29609.76
MinimumVisualStudioVersion = 10.0.40219.1
Project("{9A19103F-16F7-4668-BE54-9A1E7A4F7556}") = "Checkpoint4WPF", "Checkpoint4WPF.csproj", "{D2DFAF7B-EC24-44D6-B017-8BEF4F3BB992}"
EndProject
Project("{9A19103F-16F7-4668-BE54-9A1E7A4F7556}") = "Checkpoint4 DataBase", "..\Checkpoint4 DataBase\Checkpoint4 DataBase.csproj", "{813D18D3-668B-439A-8112-549286AC4133}"
EndProject
Project("{9A19103F-16F7-4668-BE54-9A1E7A4F7556}") = "Checkpoint4Nancy", "..\Checkpoint4Nancy\Checkpoint4Nancy.csproj", "{72FF50FD-2A3F-484C-995C-C74E01BD0FAE}"
EndProject
Global
	GlobalSection(SolutionConfigurationPlatforms) = preSolution
		Debug|Any CPU = Debug|Any CPU
		Release|Any CPU = Release|Any CPU
	EndGlobalSection
	GlobalSection(ProjectConfigurationPlatforms) = postSolution
		{D2DFAF7B-EC24-44D6-B017-8BEF4F3BB992}.Debug|Any CPU.ActiveCfg = Debug|Any CPU
		{D2DFAF7B-EC24-44D6-B017-8BEF4F3BB992}.Debug|Any CPU.Build.0 = Debug|Any CPU
		{D2DFAF7B-EC24-44D6-B017-8BEF4F3BB992}.Release|Any CPU.ActiveCfg = Release|Any CPU
		{D2DFAF7B-EC24-44D6-B017-8BEF4F3BB992}.Release|Any CPU.Build.0 = Release|Any CPU
		{813D18D3-668B-439A-8112-549286AC4133}.Debug|Any CPU.ActiveCfg = Debug|Any CPU
		{813D18D3-668B-439A-8112-549286AC4133}.Debug|Any CPU.Build.0 = Debug|Any CPU
		{813D18D3-668B-439A-8112-549286AC4133}.Release|Any CPU.ActiveCfg = Release|Any CPU
		{813D18D3-668B-439A-8112-549286AC4133}.Release|Any CPU.Build.0 = Release|Any CPU
		{72FF50FD-2A3F-484C-995C-C74E01BD0FAE}.Debug|Any CPU.ActiveCfg = Debug|Any CPU
		{72FF50FD-2A3F-484C-995C-C74E01BD0FAE}.Debug|Any CPU.Build.0 = Debug|Any CPU
		{72FF50FD-2A3F-484C-995C-C74E01BD0FAE}.Release|Any CPU.ActiveCfg = Release|Any CPU
		{72FF50FD-2A3F-484C-995C-C74E01BD0FAE}.Release|Any CPU.Build.0 = Release|Any CPU
	EndGlobalSection
	GlobalSection(SolutionProperties) = preSolution
		HideSolutionNode = FALSE
	EndGlobalSection
	GlobalSection(ExtensibilityGlobals) = postSolution
		SolutionGuid = {34A1A446-EBA3-4099-9BBA-4D07CF2C1EA5}
	EndGlobalSection
EndGlobal
