
Microsoft Visual Studio Solution File, Format Version 12.00
# Visual Studio Version 16
VisualStudioVersion = 16.0.29609.76
MinimumVisualStudioVersion = 10.0.40219.1
Project("{9A19103F-16F7-4668-BE54-9A1E7A4F7556}") = "Checkpoint4 DataBase", "Checkpoint4 DataBase.csproj", "{DC25BE9E-F10B-4E12-8385-C65EE6675746}"
EndProject
Global
	GlobalSection(SolutionConfigurationPlatforms) = preSolution
		Debug|Any CPU = Debug|Any CPU
		Release|Any CPU = Release|Any CPU
	EndGlobalSection
	GlobalSection(ProjectConfigurationPlatforms) = postSolution
		{DC25BE9E-F10B-4E12-8385-C65EE6675746}.Debug|Any CPU.ActiveCfg = Debug|Any CPU
		{DC25BE9E-F10B-4E12-8385-C65EE6675746}.Debug|Any CPU.Build.0 = Debug|Any CPU
		{DC25BE9E-F10B-4E12-8385-C65EE6675746}.Release|Any CPU.ActiveCfg = Release|Any CPU
		{DC25BE9E-F10B-4E12-8385-C65EE6675746}.Release|Any CPU.Build.0 = Release|Any CPU
	EndGlobalSection
	GlobalSection(SolutionProperties) = preSolution
		HideSolutionNode = FALSE
	EndGlobalSection
	GlobalSection(ExtensibilityGlobals) = postSolution
		SolutionGuid = {E95B5E09-A1C5-43A6-B966-06B4A49F7EFC}
	EndGlobalSection
EndGlobal
