
Microsoft Visual Studio Solution File, Format Version 12.00
# Visual Studio Version 16
VisualStudioVersion = 16.0.29609.76
MinimumVisualStudioVersion = 10.0.40219.1
Project("{FAE04EC0-301F-11D3-BF4B-00C04F79EFBC}") = "Checkpoint4", "Checkpoint4.csproj", "{7FB66C50-CDE3-40B1-9C82-1E9FDCB4DC6B}"
EndProject
Project("{FAE04EC0-301F-11D3-BF4B-00C04F79EFBC}") = "Checkpoint4WPF", "..\Checkpoint4WPF\Checkpoint4WPF.csproj", "{F9EDDF47-D937-4F88-B1CD-871E5B958524}"
EndProject
Global
	GlobalSection(SolutionConfigurationPlatforms) = preSolution
		Debug|Any CPU = Debug|Any CPU
		Release|Any CPU = Release|Any CPU
	EndGlobalSection
	GlobalSection(ProjectConfigurationPlatforms) = postSolution
		{7FB66C50-CDE3-40B1-9C82-1E9FDCB4DC6B}.Debug|Any CPU.ActiveCfg = Debug|Any CPU
		{7FB66C50-CDE3-40B1-9C82-1E9FDCB4DC6B}.Debug|Any CPU.Build.0 = Debug|Any CPU
		{7FB66C50-CDE3-40B1-9C82-1E9FDCB4DC6B}.Release|Any CPU.ActiveCfg = Release|Any CPU
		{7FB66C50-CDE3-40B1-9C82-1E9FDCB4DC6B}.Release|Any CPU.Build.0 = Release|Any CPU
		{F9EDDF47-D937-4F88-B1CD-871E5B958524}.Debug|Any CPU.ActiveCfg = Debug|Any CPU
		{F9EDDF47-D937-4F88-B1CD-871E5B958524}.Debug|Any CPU.Build.0 = Debug|Any CPU
		{F9EDDF47-D937-4F88-B1CD-871E5B958524}.Release|Any CPU.ActiveCfg = Release|Any CPU
		{F9EDDF47-D937-4F88-B1CD-871E5B958524}.Release|Any CPU.Build.0 = Release|Any CPU
	EndGlobalSection
	GlobalSection(SolutionProperties) = preSolution
		HideSolutionNode = FALSE
	EndGlobalSection
	GlobalSection(ExtensibilityGlobals) = postSolution
		SolutionGuid = {5006827B-902A-425B-8061-069D1CBB6199}
	EndGlobalSection
EndGlobal
